
Microsoft Visual Studio Solution File, Format Version 12.00
# Visual Studio Version 17
VisualStudioVersion = 17.0.31919.166
MinimumVisualStudioVersion = 10.0.40219.1
Project("{FAE04EC0-301F-11D3-BF4B-00C04F79EFBC}") = "aspnet5sampleapp", "aspnet5sampleapp\aspnet5sampleapp.csproj", "{7BE6DC45-56FA-4E47-A83E-87DEC386DBE6}"
EndProject
Global
	GlobalSection(SolutionConfigurationPlatforms) = preSolution
		Debug|Any CPU = Debug|Any CPU
		Release|Any CPU = Release|Any CPU
	EndGlobalSection
	GlobalSection(ProjectConfigurationPlatforms) = postSolution
		{7BE6DC45-56FA-4E47-A83E-87DEC386DBE6}.Debug|Any CPU.ActiveCfg = Debug|Any CPU
		{7BE6DC45-56FA-4E47-A83E-87DEC386DBE6}.Debug|Any CPU.Build.0 = Debug|Any CPU
		{7BE6DC45-56FA-4E47-A83E-87DEC386DBE6}.Release|Any CPU.ActiveCfg = Release|Any CPU
		{7BE6DC45-56FA-4E47-A83E-87DEC386DBE6}.Release|Any CPU.Build.0 = Release|Any CPU
	EndGlobalSection
	GlobalSection(SolutionProperties) = preSolution
		HideSolutionNode = FALSE
	EndGlobalSection
	GlobalSection(ExtensibilityGlobals) = postSolution
		SolutionGuid = {0BB76F91-67BF-4041-BF0D-15E201E7D373}
	EndGlobalSection
EndGlobal
